
Microsoft Visual Studio Solution File, Format Version 10.00
# Visual C++ Express 2008
Project("{8BC9CEB8-8B4A-11D0-8D11-00A0C91BC942}") = "lr_№4_univer", "lr_№4_univer\lr_№4_univer.vcproj", "{C9D4D73F-CE19-473C-8946-792631A31E1A}"
EndProject
Global
	GlobalSection(SolutionConfigurationPlatforms) = preSolution
		Debug|Win32 = Debug|Win32
		Release|Win32 = Release|Win32
	EndGlobalSection
	GlobalSection(ProjectConfigurationPlatforms) = postSolution
		{C9D4D73F-CE19-473C-8946-792631A31E1A}.Debug|Win32.ActiveCfg = Debug|Win32
		{C9D4D73F-CE19-473C-8946-792631A31E1A}.Debug|Win32.Build.0 = Debug|Win32
		{C9D4D73F-CE19-473C-8946-792631A31E1A}.Release|Win32.ActiveCfg = Release|Win32
		{C9D4D73F-CE19-473C-8946-792631A31E1A}.Release|Win32.Build.0 = Release|Win32
	EndGlobalSection
	GlobalSection(SolutionProperties) = preSolution
		HideSolutionNode = FALSE
	EndGlobalSection
EndGlobal
